
Microsoft Visual Studio Solution File, Format Version 12.00
# Visual Studio Version 16
VisualStudioVersion = 16.0.32106.194
MinimumVisualStudioVersion = 10.0.40219.1
Project("{FAE04EC0-301F-11D3-BF4B-00C04F79EFBC}") = "CoreAppSinav", "CoreAppSinav\CoreAppSinav.csproj", "{FF3585F1-080F-4DCD-B7EA-972E148ED414}"
EndProject
Global
	GlobalSection(SolutionConfigurationPlatforms) = preSolution
		Debug|Any CPU = Debug|Any CPU
		Release|Any CPU = Release|Any CPU
	EndGlobalSection
	GlobalSection(ProjectConfigurationPlatforms) = postSolution
		{FF3585F1-080F-4DCD-B7EA-972E148ED414}.Debug|Any CPU.ActiveCfg = Debug|Any CPU
		{FF3585F1-080F-4DCD-B7EA-972E148ED414}.Debug|Any CPU.Build.0 = Debug|Any CPU
		{FF3585F1-080F-4DCD-B7EA-972E148ED414}.Release|Any CPU.ActiveCfg = Release|Any CPU
		{FF3585F1-080F-4DCD-B7EA-972E148ED414}.Release|Any CPU.Build.0 = Release|Any CPU
	EndGlobalSection
	GlobalSection(SolutionProperties) = preSolution
		HideSolutionNode = FALSE
	EndGlobalSection
	GlobalSection(ExtensibilityGlobals) = postSolution
		SolutionGuid = {751FA828-068B-423B-B076-0F31A274494D}
	EndGlobalSection
EndGlobal
